// !$*UTF8*$!
{
	archiveVersion = 1;
	classes = {
	};
	objectVersion = 56;
	objects = {

/* Begin PBXBuildFile section */
		EA36B0C92A3C767300EA345D /* WalletConnectView.swift in Sources */ = {isa = PBXBuildFile; fileRef = EA36B0C82A3C767300EA345D /* WalletConnectView.swift */; };
		EA36B0CB2A3CD3DC00EA345D /* ens.swift in Sources */ = {isa = PBXBuildFile; fileRef = EA36B0CA2A3CD3DC00EA345D /* ens.swift */; };
		EA446DF22A33340A00CE0367 /* UploadIpfs.swift in Sources */ = {isa = PBXBuildFile; fileRef = EA446DF12A33340A00CE0367 /* UploadIpfs.swift */; };
		EA969D5D2A30C799009276F5 /* PhotoDetailView.swift in Sources */ = {isa = PBXBuildFile; fileRef = EA969D5C2A30C799009276F5 /* PhotoDetailView.swift */; };
		EA969D5F2A30CD01009276F5 /* InfoView.swift in Sources */ = {isa = PBXBuildFile; fileRef = EA969D5E2A30CD01009276F5 /* InfoView.swift */; };
		EA969D622A30D05F009276F5 /* ActivityIndicatorView in Frameworks */ = {isa = PBXBuildFile; productRef = EA969D612A30D05F009276F5 /* ActivityIndicatorView */; };
		EA969D652A30F636009276F5 /* WalletConnect in Frameworks */ = {isa = PBXBuildFile; productRef = EA969D642A30F636009276F5 /* WalletConnect */; };
		EAADBFA82A2DD880009F047D /* CatalystApp.swift in Sources */ = {isa = PBXBuildFile; fileRef = EAADBFA72A2DD880009F047D /* CatalystApp.swift */; };
		EAADBFAA2A2DD880009F047D /* ContentView.swift in Sources */ = {isa = PBXBuildFile; fileRef = EAADBFA92A2DD880009F047D /* ContentView.swift */; };
		EAADBFAC2A2DD881009F047D /* Assets.xcassets in Resources */ = {isa = PBXBuildFile; fileRef = EAADBFAB2A2DD881009F047D /* Assets.xcassets */; };
		EAADBFB02A2DD881009F047D /* Preview Assets.xcassets in Resources */ = {isa = PBXBuildFile; fileRef = EAADBFAF2A2DD881009F047D /* Preview Assets.xcassets */; };
		EAADBFB82A2DEC2B009F047D /* SettingsView.swift in Sources */ = {isa = PBXBuildFile; fileRef = EAADBFB72A2DEC2B009F047D /* SettingsView.swift */; };
		EAADBFBA2A2DEC80009F047D /* PhotosView.swift in Sources */ = {isa = PBXBuildFile; fileRef = EAADBFB92A2DEC80009F047D /* PhotosView.swift */; };
		EAADBFBD2A2DF3C5009F047D /* GiveFullAccessView.swift in Sources */ = {isa = PBXBuildFile; fileRef = EAADBFBC2A2DF3C4009F047D /* GiveFullAccessView.swift */; };
/* End PBXBuildFile section */

/* Begin PBXFileReference section */
		EA36B0C82A3C767300EA345D /* WalletConnectView.swift */ = {isa = PBXFileReference; lastKnownFileType = sourcecode.swift; path = WalletConnectView.swift; sourceTree = "<group>"; };
		EA36B0CA2A3CD3DC00EA345D /* ens.swift */ = {isa = PBXFileReference; lastKnownFileType = sourcecode.swift; path = ens.swift; sourceTree = "<group>"; };
		EA446DF12A33340A00CE0367 /* UploadIpfs.swift */ = {isa = PBXFileReference; lastKnownFileType = sourcecode.swift; path = UploadIpfs.swift; sourceTree = "<group>"; };
		EA969D5C2A30C799009276F5 /* PhotoDetailView.swift */ = {isa = PBXFileReference; lastKnownFileType = sourcecode.swift; path = PhotoDetailView.swift; sourceTree = "<group>"; };
		EA969D5E2A30CD01009276F5 /* InfoView.swift */ = {isa = PBXFileReference; lastKnownFileType = sourcecode.swift; path = InfoView.swift; sourceTree = "<group>"; };
		EAADBFA42A2DD880009F047D /* Catalyst.app */ = {isa = PBXFileReference; explicitFileType = wrapper.application; includeInIndex = 0; path = Catalyst.app; sourceTree = BUILT_PRODUCTS_DIR; };
		EAADBFA72A2DD880009F047D /* CatalystApp.swift */ = {isa = PBXFileReference; lastKnownFileType = sourcecode.swift; path = CatalystApp.swift; sourceTree = "<group>"; };
		EAADBFA92A2DD880009F047D /* ContentView.swift */ = {isa = PBXFileReference; lastKnownFileType = sourcecode.swift; path = ContentView.swift; sourceTree = "<group>"; };
		EAADBFAB2A2DD881009F047D /* Assets.xcassets */ = {isa = PBXFileReference; lastKnownFileType = folder.assetcatalog; path = Assets.xcassets; sourceTree = "<group>"; };
		EAADBFAD2A2DD881009F047D /* Catalyst.entitlements */ = {isa = PBXFileReference; lastKnownFileType = text.plist.entitlements; path = Catalyst.entitlements; sourceTree = "<group>"; };
		EAADBFAF2A2DD881009F047D /* Preview Assets.xcassets */ = {isa = PBXFileReference; lastKnownFileType = folder.assetcatalog; path = "Preview Assets.xcassets"; sourceTree = "<group>"; };
		EAADBFB72A2DEC2B009F047D /* SettingsView.swift */ = {isa = PBXFileReference; lastKnownFileType = sourcecode.swift; path = SettingsView.swift; sourceTree = "<group>"; };
		EAADBFB92A2DEC80009F047D /* PhotosView.swift */ = {isa = PBXFileReference; lastKnownFileType = sourcecode.swift; path = PhotosView.swift; sourceTree = "<group>"; };
		EAADBFBB2A2DF2FF009F047D /* Info.plist */ = {isa = PBXFileReference; lastKnownFileType = text.plist; path = Info.plist; sourceTree = "<group>"; };
		EAADBFBC2A2DF3C4009F047D /* GiveFullAccessView.swift */ = {isa = PBXFileReference; lastKnownFileType = sourcecode.swift; path = GiveFullAccessView.swift; sourceTree = "<group>"; };
/* End PBXFileReference section */

/* Begin PBXFrameworksBuildPhase section */
		EAADBFA12A2DD880009F047D /* Frameworks */ = {
			isa = PBXFrameworksBuildPhase;
			buildActionMask = 2147483647;
			files = (
				EA969D652A30F636009276F5 /* WalletConnect in Frameworks */,
				EA969D622A30D05F009276F5 /* ActivityIndicatorView in Frameworks */,
			);
			runOnlyForDeploymentPostprocessing = 0;
		};
/* End PBXFrameworksBuildPhase section */

/* Begin PBXGroup section */
		EA446DF02A3333F800CE0367 /* utils */ = {
			isa = PBXGroup;
			children = (
				EA446DF12A33340A00CE0367 /* UploadIpfs.swift */,
				EA36B0CA2A3CD3DC00EA345D /* ens.swift */,
			);
			path = utils;
			sourceTree = "<group>";
		};
		EAADBF9B2A2DD880009F047D = {
			isa = PBXGroup;
			children = (
				EAADBFA62A2DD880009F047D /* Catalyst */,
				EAADBFA52A2DD880009F047D /* Products */,
			);
			sourceTree = "<group>";
		};
		EAADBFA52A2DD880009F047D /* Products */ = {
			isa = PBXGroup;
			children = (
				EAADBFA42A2DD880009F047D /* Catalyst.app */,
			);
			name = Products;
			sourceTree = "<group>";
		};
		EAADBFA62A2DD880009F047D /* Catalyst */ = {
			isa = PBXGroup;
			children = (
				EA446DF02A3333F800CE0367 /* utils */,
				EAADBFBB2A2DF2FF009F047D /* Info.plist */,
				EAADBFB62A2DEC15009F047D /* Views */,
				EAADBFA72A2DD880009F047D /* CatalystApp.swift */,
				EAADBFA92A2DD880009F047D /* ContentView.swift */,
				EAADBFAB2A2DD881009F047D /* Assets.xcassets */,
				EAADBFAD2A2DD881009F047D /* Catalyst.entitlements */,
				EAADBFAE2A2DD881009F047D /* Preview Content */,
			);
			path = Catalyst;
			sourceTree = "<group>";
		};
		EAADBFAE2A2DD881009F047D /* Preview Content */ = {
			isa = PBXGroup;
			children = (
				EAADBFAF2A2DD881009F047D /* Preview Assets.xcassets */,
			);
			path = "Preview Content";
			sourceTree = "<group>";
		};
		EAADBFB62A2DEC15009F047D /* Views */ = {
			isa = PBXGroup;
			children = (
				EAADBFB72A2DEC2B009F047D /* SettingsView.swift */,
				EAADBFB92A2DEC80009F047D /* PhotosView.swift */,
				EA969D5C2A30C799009276F5 /* PhotoDetailView.swift */,
				EA969D5E2A30CD01009276F5 /* InfoView.swift */,
				EA36B0C82A3C767300EA345D /* WalletConnectView.swift */,
				EAADBFBC2A2DF3C4009F047D /* GiveFullAccessView.swift */,
			);
			path = Views;
			sourceTree = "<group>";
		};
/* End PBXGroup section */

/* Begin PBXNativeTarget section */
		EAADBFA32A2DD880009F047D /* Catalyst */ = {
			isa = PBXNativeTarget;
			buildConfigurationList = EAADBFB32A2DD881009F047D /* Build configuration list for PBXNativeTarget "Catalyst" */;
			buildPhases = (
				EAADBFA02A2DD880009F047D /* Sources */,
				EAADBFA12A2DD880009F047D /* Frameworks */,
				EAADBFA22A2DD880009F047D /* Resources */,
			);
			buildRules = (
			);
			dependencies = (
			);
			name = Catalyst;
			packageProductDependencies = (
				EA969D612A30D05F009276F5 /* ActivityIndicatorView */,
				EA969D642A30F636009276F5 /* WalletConnect */,
			);
			productName = Catalyst;
			productReference = EAADBFA42A2DD880009F047D /* Catalyst.app */;
			productType = "com.apple.product-type.application";
		};
/* End PBXNativeTarget section */

/* Begin PBXProject section */
		EAADBF9C2A2DD880009F047D /* Project object */ = {
			isa = PBXProject;
			attributes = {
				BuildIndependentTargetsInParallel = 1;
				LastSwiftUpdateCheck = 1410;
				LastUpgradeCheck = 1410;
				TargetAttributes = {
					EAADBFA32A2DD880009F047D = {
						CreatedOnToolsVersion = 14.1;
					};
				};
			};
			buildConfigurationList = EAADBF9F2A2DD880009F047D /* Build configuration list for PBXProject "Catalyst" */;
			compatibilityVersion = "Xcode 14.0";
			developmentRegion = en;
			hasScannedForEncodings = 0;
			knownRegions = (
				en,
				Base,
			);
			mainGroup = EAADBF9B2A2DD880009F047D;
			packageReferences = (
				EA969D602A30D05F009276F5 /* XCRemoteSwiftPackageReference "ActivityIndicatorView" */,
				EA969D632A30F636009276F5 /* XCRemoteSwiftPackageReference "WalletConnectSwiftV2" */,
			);
			productRefGroup = EAADBFA52A2DD880009F047D /* Products */;
			projectDirPath = "";
			projectRoot = "";
			targets = (
				EAADBFA32A2DD880009F047D /* Catalyst */,
			);
		};
/* End PBXProject section */

/* Begin PBXResourcesBuildPhase section */
		EAADBFA22A2DD880009F047D /* Resources */ = {
			isa = PBXResourcesBuildPhase;
			buildActionMask = 2147483647;
			files = (
				EAADBFB02A2DD881009F047D /* Preview Assets.xcassets in Resources */,
				EAADBFAC2A2DD881009F047D /* Assets.xcassets in Resources */,
			);
			runOnlyForDeploymentPostprocessing = 0;
		};
/* End PBXResourcesBuildPhase section */

/* Begin PBXSourcesBuildPhase section */
		EAADBFA02A2DD880009F047D /* Sources */ = {
			isa = PBXSourcesBuildPhase;
			buildActionMask = 2147483647;
			files = (
				EAADBFB82A2DEC2B009F047D /* SettingsView.swift in Sources */,
				EA36B0C92A3C767300EA345D /* WalletConnectView.swift in Sources */,
				EAADBFAA2A2DD880009F047D /* ContentView.swift in Sources */,
				EA446DF22A33340A00CE0367 /* UploadIpfs.swift in Sources */,
				EA969D5D2A30C799009276F5 /* PhotoDetailView.swift in Sources */,
				EAADBFA82A2DD880009F047D /* CatalystApp.swift in Sources */,
				EAADBFBA2A2DEC80009F047D /* PhotosView.swift in Sources */,
				EAADBFBD2A2DF3C5009F047D /* GiveFullAccessView.swift in Sources */,
				EA36B0CB2A3CD3DC00EA345D /* ens.swift in Sources */,
				EA969D5F2A30CD01009276F5 /* InfoView.swift in Sources */,
			);
			runOnlyForDeploymentPostprocessing = 0;
		};
/* End PBXSourcesBuildPhase section */

/* Begin XCBuildConfiguration section */
		EAADBFB12A2DD881009F047D /* Debug */ = {
			isa = XCBuildConfiguration;
			buildSettings = {
				ALWAYS_SEARCH_USER_PATHS = NO;
				CLANG_ANALYZER_NONNULL = YES;
				CLANG_ANALYZER_NUMBER_OBJECT_CONVERSION = YES_AGGRESSIVE;
				CLANG_CXX_LANGUAGE_STANDARD = "gnu++20";
				CLANG_ENABLE_MODULES = YES;
				CLANG_ENABLE_OBJC_ARC = YES;
				CLANG_ENABLE_OBJC_WEAK = YES;
				CLANG_WARN_BLOCK_CAPTURE_AUTORELEASING = YES;
				CLANG_WARN_BOOL_CONVERSION = YES;
				CLANG_WARN_COMMA = YES;
				CLANG_WARN_CONSTANT_CONVERSION = YES;
				CLANG_WARN_DEPRECATED_OBJC_IMPLEMENTATIONS = YES;
				CLANG_WARN_DIRECT_OBJC_ISA_USAGE = YES_ERROR;
				CLANG_WARN_DOCUMENTATION_COMMENTS = YES;
				CLANG_WARN_EMPTY_BODY = YES;
				CLANG_WARN_ENUM_CONVERSION = YES;
				CLANG_WARN_INFINITE_RECURSION = YES;
				CLANG_WARN_INT_CONVERSION = YES;
				CLANG_WARN_NON_LITERAL_NULL_CONVERSION = YES;
				CLANG_WARN_OBJC_IMPLICIT_RETAIN_SELF = YES;
				CLANG_WARN_OBJC_LITERAL_CONVERSION = YES;
				CLANG_WARN_OBJC_ROOT_CLASS = YES_ERROR;
				CLANG_WARN_QUOTED_INCLUDE_IN_FRAMEWORK_HEADER = YES;
				CLANG_WARN_RANGE_LOOP_ANALYSIS = YES;
				CLANG_WARN_STRICT_PROTOTYPES = YES;
				CLANG_WARN_SUSPICIOUS_MOVE = YES;
				CLANG_WARN_UNGUARDED_AVAILABILITY = YES_AGGRESSIVE;
				CLANG_WARN_UNREACHABLE_CODE = YES;
				CLANG_WARN__DUPLICATE_METHOD_MATCH = YES;
				COPY_PHASE_STRIP = NO;
				DEBUG_INFORMATION_FORMAT = dwarf;
				ENABLE_STRICT_OBJC_MSGSEND = YES;
				ENABLE_TESTABILITY = YES;
				GCC_C_LANGUAGE_STANDARD = gnu11;
				GCC_DYNAMIC_NO_PIC = NO;
				GCC_NO_COMMON_BLOCKS = YES;
				GCC_OPTIMIZATION_LEVEL = 0;
				GCC_PREPROCESSOR_DEFINITIONS = (
					"DEBUG=1",
					"$(inherited)",
				);
				GCC_WARN_64_TO_32_BIT_CONVERSION = YES;
				GCC_WARN_ABOUT_RETURN_TYPE = YES_ERROR;
				GCC_WARN_UNDECLARED_SELECTOR = YES;
				GCC_WARN_UNINITIALIZED_AUTOS = YES_AGGRESSIVE;
				GCC_WARN_UNUSED_FUNCTION = YES;
				GCC_WARN_UNUSED_VARIABLE = YES;
				MTL_ENABLE_DEBUG_INFO = INCLUDE_SOURCE;
				MTL_FAST_MATH = YES;
				ONLY_ACTIVE_ARCH = YES;
				SWIFT_ACTIVE_COMPILATION_CONDITIONS = DEBUG;
				SWIFT_OPTIMIZATION_LEVEL = "-Onone";
			};
			name = Debug;
		};
		EAADBFB22A2DD881009F047D /* Release */ = {
			isa = XCBuildConfiguration;
			buildSettings = {
				ALWAYS_SEARCH_USER_PATHS = NO;
				CLANG_ANALYZER_NONNULL = YES;
				CLANG_ANALYZER_NUMBER_OBJECT_CONVERSION = YES_AGGRESSIVE;
				CLANG_CXX_LANGUAGE_STANDARD = "gnu++20";
				CLANG_ENABLE_MODULES = YES;
				CLANG_ENABLE_OBJC_ARC = YES;
				CLANG_ENABLE_OBJC_WEAK = YES;
				CLANG_WARN_BLOCK_CAPTURE_AUTORELEASING = YES;
				CLANG_WARN_BOOL_CONVERSION = YES;
				CLANG_WARN_COMMA = YES;
				CLANG_WARN_CONSTANT_CONVERSION = YES;
				CLANG_WARN_DEPRECATED_OBJC_IMPLEMENTATIONS = YES;
				CLANG_WARN_DIRECT_OBJC_ISA_USAGE = YES_ERROR;
				CLANG_WARN_DOCUMENTATION_COMMENTS = YES;
				CLANG_WARN_EMPTY_BODY = YES;
				CLANG_WARN_ENUM_CONVERSION = YES;
				CLANG_WARN_INFINITE_RECURSION = YES;
				CLANG_WARN_INT_CONVERSION = YES;
				CLANG_WARN_NON_LITERAL_NULL_CONVERSION = YES;
				CLANG_WARN_OBJC_IMPLICIT_RETAIN_SELF = YES;
				CLANG_WARN_OBJC_LITERAL_CONVERSION = YES;
				CLANG_WARN_OBJC_ROOT_CLASS = YES_ERROR;
				CLANG_WARN_QUOTED_INCLUDE_IN_FRAMEWORK_HEADER = YES;
				CLANG_WARN_RANGE_LOOP_ANALYSIS = YES;
				CLANG_WARN_STRICT_PROTOTYPES = YES;
				CLANG_WARN_SUSPICIOUS_MOVE = YES;
				CLANG_WARN_UNGUARDED_AVAILABILITY = YES_AGGRESSIVE;
				CLANG_WARN_UNREACHABLE_CODE = YES;
				CLANG_WARN__DUPLICATE_METHOD_MATCH = YES;
				COPY_PHASE_STRIP = NO;
				DEBUG_INFORMATION_FORMAT = "dwarf-with-dsym";
				ENABLE_NS_ASSERTIONS = NO;
				ENABLE_STRICT_OBJC_MSGSEND = YES;
				GCC_C_LANGUAGE_STANDARD = gnu11;
				GCC_NO_COMMON_BLOCKS = YES;
				GCC_WARN_64_TO_32_BIT_CONVERSION = YES;
				GCC_WARN_ABOUT_RETURN_TYPE = YES_ERROR;
				GCC_WARN_UNDECLARED_SELECTOR = YES;
				GCC_WARN_UNINITIALIZED_AUTOS = YES_AGGRESSIVE;
				GCC_WARN_UNUSED_FUNCTION = YES;
				GCC_WARN_UNUSED_VARIABLE = YES;
				MTL_ENABLE_DEBUG_INFO = NO;
				MTL_FAST_MATH = YES;
				SWIFT_COMPILATION_MODE = wholemodule;
				SWIFT_OPTIMIZATION_LEVEL = "-O";
			};
			name = Release;
		};
		EAADBFB42A2DD881009F047D /* Debug */ = {
			isa = XCBuildConfiguration;
			buildSettings = {
				ASSETCATALOG_COMPILER_APPICON_NAME = AppIcon;
				ASSETCATALOG_COMPILER_GLOBAL_ACCENT_COLOR_NAME = AccentColor;
				CODE_SIGN_ENTITLEMENTS = Catalyst/Catalyst.entitlements;
				CODE_SIGN_STYLE = Automatic;
				CURRENT_PROJECT_VERSION = 1;
				DEVELOPMENT_ASSET_PATHS = "\"Catalyst/Preview Content\"";
				DEVELOPMENT_TEAM = J3LH4H9AA4;
				ENABLE_HARDENED_RUNTIME = YES;
				ENABLE_PREVIEWS = YES;
				GENERATE_INFOPLIST_FILE = YES;
				INFOPLIST_FILE = Catalyst/Info.plist;
				"INFOPLIST_KEY_UIApplicationSceneManifest_Generation[sdk=iphoneos*]" = YES;
				"INFOPLIST_KEY_UIApplicationSceneManifest_Generation[sdk=iphonesimulator*]" = YES;
				"INFOPLIST_KEY_UIApplicationSupportsIndirectInputEvents[sdk=iphoneos*]" = YES;
				"INFOPLIST_KEY_UIApplicationSupportsIndirectInputEvents[sdk=iphonesimulator*]" = YES;
				"INFOPLIST_KEY_UILaunchScreen_Generation[sdk=iphoneos*]" = YES;
				"INFOPLIST_KEY_UILaunchScreen_Generation[sdk=iphonesimulator*]" = YES;
				"INFOPLIST_KEY_UIStatusBarStyle[sdk=iphoneos*]" = UIStatusBarStyleDefault;
				"INFOPLIST_KEY_UIStatusBarStyle[sdk=iphonesimulator*]" = UIStatusBarStyleDefault;
				INFOPLIST_KEY_UISupportedInterfaceOrientations_iPad = "UIInterfaceOrientationPortrait UIInterfaceOrientationPortraitUpsideDown UIInterfaceOrientationLandscapeLeft UIInterfaceOrientationLandscapeRight";
				INFOPLIST_KEY_UISupportedInterfaceOrientations_iPhone = "UIInterfaceOrientationPortrait UIInterfaceOrientationLandscapeLeft UIInterfaceOrientationLandscapeRight";
				IPHONEOS_DEPLOYMENT_TARGET = 16.1;
				LD_RUNPATH_SEARCH_PATHS = "@executable_path/Frameworks";
				"LD_RUNPATH_SEARCH_PATHS[sdk=macosx*]" = "@executable_path/../Frameworks";
				MACOSX_DEPLOYMENT_TARGET = 13.0;
				MARKETING_VERSION = 1.0;
				PRODUCT_BUNDLE_IDENTIFIER = com.beauth.catalyst.Catalyst;
				PRODUCT_NAME = "$(TARGET_NAME)";
				SDKROOT = auto;
				SUPPORTED_PLATFORMS = "iphoneos iphonesimulator";
				SUPPORTS_MACCATALYST = NO;
				SUPPORTS_MAC_DESIGNED_FOR_IPHONE_IPAD = NO;
				SWIFT_EMIT_LOC_STRINGS = YES;
				SWIFT_VERSION = 5.0;
				TARGETED_DEVICE_FAMILY = 1;
			};
			name = Debug;
		};
		EAADBFB52A2DD881009F047D /* Release */ = {
			isa = XCBuildConfiguration;
			buildSettings = {
				ASSETCATALOG_COMPILER_APPICON_NAME = AppIcon;
				ASSETCATALOG_COMPILER_GLOBAL_ACCENT_COLOR_NAME = AccentColor;
				CODE_SIGN_ENTITLEMENTS = Catalyst/Catalyst.entitlements;
				CODE_SIGN_STYLE = Automatic;
				CURRENT_PROJECT_VERSION = 1;
				DEVELOPMENT_ASSET_PATHS = "\"Catalyst/Preview Content\"";
				DEVELOPMENT_TEAM = J3LH4H9AA4;
				ENABLE_HARDENED_RUNTIME = YES;
				ENABLE_PREVIEWS = YES;
				GENERATE_INFOPLIST_FILE = YES;
				INFOPLIST_FILE = Catalyst/Info.plist;
				"INFOPLIST_KEY_UIApplicationSceneManifest_Generation[sdk=iphoneos*]" = YES;
				"INFOPLIST_KEY_UIApplicationSceneManifest_Generation[sdk=iphonesimulator*]" = YES;
				"INFOPLIST_KEY_UIApplicationSupportsIndirectInputEvents[sdk=iphoneos*]" = YES;
				"INFOPLIST_KEY_UIApplicationSupportsIndirectInputEvents[sdk=iphonesimulator*]" = YES;
				"INFOPLIST_KEY_UILaunchScreen_Generation[sdk=iphoneos*]" = YES;
				"INFOPLIST_KEY_UILaunchScreen_Generation[sdk=iphonesimulator*]" = YES;
				"INFOPLIST_KEY_UIStatusBarStyle[sdk=iphoneos*]" = UIStatusBarStyleDefault;
				"INFOPLIST_KEY_UIStatusBarStyle[sdk=iphonesimulator*]" = UIStatusBarStyleDefault;
				INFOPLIST_KEY_UISupportedInterfaceOrientations_iPad = "UIInterfaceOrientationPortrait UIInterfaceOrientationPortraitUpsideDown UIInterfaceOrientationLandscapeLeft UIInterfaceOrientationLandscapeRight";
				INFOPLIST_KEY_UISupportedInterfaceOrientations_iPhone = "UIInterfaceOrientationPortrait UIInterfaceOrientationLandscapeLeft UIInterfaceOrientationLandscapeRight";
				IPHONEOS_DEPLOYMENT_TARGET = 16.1;
				LD_RUNPATH_SEARCH_PATHS = "@executable_path/Frameworks";
				"LD_RUNPATH_SEARCH_PATHS[sdk=macosx*]" = "@executable_path/../Frameworks";
				MACOSX_DEPLOYMENT_TARGET = 13.0;
				MARKETING_VERSION = 1.0;
				PRODUCT_BUNDLE_IDENTIFIER = com.beauth.catalyst.Catalyst;
				PRODUCT_NAME = "$(TARGET_NAME)";
				SDKROOT = auto;
				SUPPORTED_PLATFORMS = "iphoneos iphonesimulator";
				SUPPORTS_MACCATALYST = NO;
				SUPPORTS_MAC_DESIGNED_FOR_IPHONE_IPAD = NO;
				SWIFT_EMIT_LOC_STRINGS = YES;
				SWIFT_VERSION = 5.0;
				TARGETED_DEVICE_FAMILY = 1;
			};
			name = Release;
		};
/* End XCBuildConfiguration section */

/* Begin XCConfigurationList section */
		EAADBF9F2A2DD880009F047D /* Build configuration list for PBXProject "Catalyst" */ = {
			isa = XCConfigurationList;
			buildConfigurations = (
				EAADBFB12A2DD881009F047D /* Debug */,
				EAADBFB22A2DD881009F047D /* Release */,
			);
			defaultConfigurationIsVisible = 0;
			defaultConfigurationName = Release;
		};
		EAADBFB32A2DD881009F047D /* Build configuration list for PBXNativeTarget "Catalyst" */ = {
			isa = XCConfigurationList;
			buildConfigurations = (
				EAADBFB42A2DD881009F047D /* Debug */,
				EAADBFB52A2DD881009F047D /* Release */,
			);
			defaultConfigurationIsVisible = 0;
			defaultConfigurationName = Release;
		};
/* End XCConfigurationList section */

/* Begin XCRemoteSwiftPackageReference section */
		EA969D602A30D05F009276F5 /* XCRemoteSwiftPackageReference "ActivityIndicatorView" */ = {
			isa = XCRemoteSwiftPackageReference;
			repositoryURL = "https://github.com/exyte/ActivityIndicatorView.git";
			requirement = {
				kind = upToNextMajorVersion;
				minimumVersion = 1.0.0;
			};
		};
		EA969D632A30F636009276F5 /* XCRemoteSwiftPackageReference "WalletConnectSwiftV2" */ = {
			isa = XCRemoteSwiftPackageReference;
			repositoryURL = "https://github.com/WalletConnect/WalletConnectSwiftV2";
			requirement = {
				kind = upToNextMajorVersion;
				minimumVersion = 6.0.0;
			};
		};
/* End XCRemoteSwiftPackageReference section */

/* Begin XCSwiftPackageProductDependency section */
		EA969D612A30D05F009276F5 /* ActivityIndicatorView */ = {
			isa = XCSwiftPackageProductDependency;
			package = EA969D602A30D05F009276F5 /* XCRemoteSwiftPackageReference "ActivityIndicatorView" */;
			productName = ActivityIndicatorView;
		};
		EA969D642A30F636009276F5 /* WalletConnect */ = {
			isa = XCSwiftPackageProductDependency;
			package = EA969D632A30F636009276F5 /* XCRemoteSwiftPackageReference "WalletConnectSwiftV2" */;
			productName = WalletConnect;
		};
/* End XCSwiftPackageProductDependency section */
	};
	rootObject = EAADBF9C2A2DD880009F047D /* Project object */;
}
